
Microsoft Visual Studio Solution File, Format Version 12.00
# Visual Studio Express 14 for Web
VisualStudioVersion = 14.0.25420.1
MinimumVisualStudioVersion = 10.0.40219.1
Project("{FAE04EC0-301F-11D3-BF4B-00C04F79EFBC}") = "Library Managment System", "Library Managment System\Library Managment System.csproj", "{BFEFD759-8339-487E-A490-67076B779589}"
EndProject
Global
	GlobalSection(SolutionConfigurationPlatforms) = preSolution
		Debug|Any CPU = Debug|Any CPU
		Release|Any CPU = Release|Any CPU
	EndGlobalSection
	GlobalSection(ProjectConfigurationPlatforms) = postSolution
		{BFEFD759-8339-487E-A490-67076B779589}.Debug|Any CPU.ActiveCfg = Debug|Any CPU
		{BFEFD759-8339-487E-A490-67076B779589}.Debug|Any CPU.Build.0 = Debug|Any CPU
		{BFEFD759-8339-487E-A490-67076B779589}.Release|Any CPU.ActiveCfg = Release|Any CPU
		{BFEFD759-8339-487E-A490-67076B779589}.Release|Any CPU.Build.0 = Release|Any CPU
	EndGlobalSection
	GlobalSection(SolutionProperties) = preSolution
		HideSolutionNode = FALSE
	EndGlobalSection
EndGlobal
